
Microsoft Visual Studio Solution File, Format Version 12.00
# Visual Studio Version 16
VisualStudioVersion = 16.0.28803.352
MinimumVisualStudioVersion = 10.0.40219.1
Project("{9A19103F-16F7-4668-BE54-9A1E7A4F7556}") = "Hocon.Json", "src\Hocon.Json\Hocon.Json.csproj", "{387A19A1-842F-4048-91F6-09F37ABBA69F}"
EndProject
Project("{FAE04EC0-301F-11D3-BF4B-00C04F79EFBC}") = "Hocon.Json.Tests", "src\Hocon.Json.Tests\Hocon.Json.Tests.csproj", "{642CA221-C030-4C2A-9F54-7C04C96EA95E}"
EndProject
Global
	GlobalSection(SolutionConfigurationPlatforms) = preSolution
		Debug|Any CPU = Debug|Any CPU
		Release|Any CPU = Release|Any CPU
	EndGlobalSection
	GlobalSection(ProjectConfigurationPlatforms) = postSolution
		{387A19A1-842F-4048-91F6-09F37ABBA69F}.Debug|Any CPU.ActiveCfg = Debug|Any CPU
		{387A19A1-842F-4048-91F6-09F37ABBA69F}.Debug|Any CPU.Build.0 = Debug|Any CPU
		{387A19A1-842F-4048-91F6-09F37ABBA69F}.Release|Any CPU.ActiveCfg = Release|Any CPU
		{387A19A1-842F-4048-91F6-09F37ABBA69F}.Release|Any CPU.Build.0 = Release|Any CPU
		{642CA221-C030-4C2A-9F54-7C04C96EA95E}.Debug|Any CPU.ActiveCfg = Debug|Any CPU
		{642CA221-C030-4C2A-9F54-7C04C96EA95E}.Debug|Any CPU.Build.0 = Debug|Any CPU
		{642CA221-C030-4C2A-9F54-7C04C96EA95E}.Release|Any CPU.ActiveCfg = Release|Any CPU
		{642CA221-C030-4C2A-9F54-7C04C96EA95E}.Release|Any CPU.Build.0 = Release|Any CPU
	EndGlobalSection
	GlobalSection(SolutionProperties) = preSolution
		HideSolutionNode = FALSE
	EndGlobalSection
	GlobalSection(ExtensibilityGlobals) = postSolution
		SolutionGuid = {04DE7591-62E9-4362-B3DA-50523216F818}
	EndGlobalSection
EndGlobal
